PODS:
  - Google-Mobile-Ads-SDK (7.29.0)
  - ObjectiveDropboxOfficial (3.4.0)

DEPENDENCIES:
  - Google-Mobile-Ads-SDK
  - ObjectiveDropboxOfficial

SPEC REPOS:
  trunk:
    - Google-Mobile-Ads-SDK
    - ObjectiveDropboxOfficial

SPEC CHECKSUMS:
  Google-Mobile-Ads-SDK: 375bbb821b3df2106c37b74f6b0a97576ddc5f6b
  ObjectiveDropboxOfficial: 250ce53218773ba687201614ad6de03b8cb14de6

PODFILE CHECKSUM: bf1a38133db4448e3a37c58057e0d2e833f841cb

COCOAPODS: 1.10.1
