PODS:
  - Crashlytics (3.10.0):
    - Fabric (~> 1.7.3)
  - Fabric (1.7.3)
  - Google-Mobile-Ads-SDK (7.29.0)
  - ObjectiveDropboxOfficial (3.4.0)

DEPENDENCIES:
  - Crashlytics
  - Fabric
  - Google-Mobile-Ads-SDK
  - ObjectiveDropboxOfficial

SPEC CHECKSUMS:
  Crashlytics: a989ef242b66605577a425733797f810bd2725eb
  Fabric: bb495bb9a7a7677c6d03a1f8b83d95bc49b47e41
  Google-Mobile-Ads-SDK: 375bbb821b3df2106c37b74f6b0a97576ddc5f6b
  ObjectiveDropboxOfficial: 250ce53218773ba687201614ad6de03b8cb14de6

PODFILE CHECKSUM: 1aadc32758e449eb04f31cabb61845e7dc4f2c8d

COCOAPODS: 1.3.1
